
Microsoft Visual Studio Solution File, Format Version 12.00
# Visual Studio Version 17
VisualStudioVersion = 17.12.35527.113
MinimumVisualStudioVersion = 10.0.40219.1
Project("{FAE04EC0-301F-11D3-BF4B-00C04F79EFBC}") = "ConsoleNetFramework", "Console\ConsoleNetFramework.csproj", "{84544341-F28D-4061-96BA-D7DA03852B1E}"
	ProjectSection(ProjectDependencies) = postProject
		{84541CA5-B1D7-4809-96BE-26B39F79BB99} = {84541CA5-B1D7-4809-96BE-26B39F79BB99}
	EndProjectSection
EndProject
Project("{FAE04EC0-301F-11D3-BF4B-00C04F79EFBC}") = "ClassLibrary", "ClassLibrary\ClassLibrary.csproj", "{84541CA5-B1D7-4809-96BE-26B39F79BB99}"
EndProject
Project("{FAE04EC0-301F-11D3-BF4B-00C04F79EFBC}") = "ConsoleCore", "ConsoleCore\ConsoleCore.csproj", "{8FF94AA8-A981-4F10-A061-C31B2B0C5DF3}"
	ProjectSection(ProjectDependencies) = postProject
		{84541CA5-B1D7-4809-96BE-26B39F79BB99} = {84541CA5-B1D7-4809-96BE-26B39F79BB99}
	EndProjectSection
EndProject
Global
	GlobalSection(SolutionConfigurationPlatforms) = preSolution
		Debug|Any CPU = Debug|Any CPU
		Release|Any CPU = Release|Any CPU
	EndGlobalSection
	GlobalSection(ProjectConfigurationPlatforms) = postSolution
		{84544341-F28D-4061-96BA-D7DA03852B1E}.Debug|Any CPU.ActiveCfg = Debug|Any CPU
		{84544341-F28D-4061-96BA-D7DA03852B1E}.Debug|Any CPU.Build.0 = Debug|Any CPU
		{84544341-F28D-4061-96BA-D7DA03852B1E}.Release|Any CPU.ActiveCfg = Release|Any CPU
		{84544341-F28D-4061-96BA-D7DA03852B1E}.Release|Any CPU.Build.0 = Release|Any CPU
		{84541CA5-B1D7-4809-96BE-26B39F79BB99}.Debug|Any CPU.ActiveCfg = Debug|Any CPU
		{84541CA5-B1D7-4809-96BE-26B39F79BB99}.Debug|Any CPU.Build.0 = Debug|Any CPU
		{84541CA5-B1D7-4809-96BE-26B39F79BB99}.Release|Any CPU.ActiveCfg = Release|Any CPU
		{84541CA5-B1D7-4809-96BE-26B39F79BB99}.Release|Any CPU.Build.0 = Release|Any CPU
		{8FF94AA8-A981-4F10-A061-C31B2B0C5DF3}.Debug|Any CPU.ActiveCfg = Debug|Any CPU
		{8FF94AA8-A981-4F10-A061-C31B2B0C5DF3}.Debug|Any CPU.Build.0 = Debug|Any CPU
		{8FF94AA8-A981-4F10-A061-C31B2B0C5DF3}.Release|Any CPU.ActiveCfg = Release|Any CPU
		{8FF94AA8-A981-4F10-A061-C31B2B0C5DF3}.Release|Any CPU.Build.0 = Release|Any CPU
	EndGlobalSection
	GlobalSection(SolutionProperties) = preSolution
		HideSolutionNode = FALSE
	EndGlobalSection
EndGlobal
